<?xml version="1.0" encoding="utf-8"?>
<Project ToolsVersion="4.0" xmlns="http://schemas.microsoft.com/developer/msbuild/2003">
  <ItemGroup>
    <Filter Include="Source Files">
      <UniqueIdentifier>{4FC737F1-C7A5-4376-A066-2A32D752A2FF}</UniqueIdentifier>
      <Extensions>cpp;c;cc;cxx;def;odl;idl;hpj;bat;asm;asmx</Extensions>
    </Filter>
    <Filter Include="Header Files">
      <UniqueIdentifier>{93995380-89BD-4b04-88EB-625FBE52EBFB}</UniqueIdentifier>
      <Extensions>h;hh;hpp;hxx;hm;inl;inc;xsd</Extensions>
    </Filter>
    <Filter Include="Resource Files">
      <UniqueIdentifier>{67DA6AB6-F800-4c08-8B7A-83BB121AAD01}</UniqueIdentifier>
      <Extensions>rc;ico;cur;bmp;dlg;rc2;rct;bin;rgs;gif;jpg;jpeg;jpe;resx;tiff;tif;png;wav;mfcribbon-ms</Extensions>
    </Filter>
  </ItemGroup>
  <ItemGroup>
    <Text Include="ReadMe.txt" />
  </ItemGroup>
  <ItemGroup>
    <ClInclude Include="stdafx.h">
      <Filter>Header Files</Filter>
    </ClInclude>
    <ClInclude Include="targetver.h">
      <Filter>Header Files</Filter>
    </ClInclude>
    <ClInclude Include="resource.h">
      <Filter>Header Files</Filter>
    </ClInclude>
    <ClInclude Include="GameEditor.h">
      <Filter>Header Files</Filter>
    </ClInclude>
    <ClInclude Include="CMSKWindow.h">
      <Filter>Header Files</Filter>
    </ClInclude>
    <ClInclude Include="glad.h">
      <Filter>Header Files</Filter>
    </ClInclude>
    <ClInclude Include="CMSKOGLWnd.h">
      <Filter>Header Files</Filter>
    </ClInclude>
    <ClInclude Include="CMSKStatusBar.h">
      <Filter>Header Files</Filter>
    </ClInclude>
    <ClInclude Include="CMSKToolBar.h">
      <Filter>Header Files</Filter>
    </ClInclude>
    <ClInclude Include="CMSKSplitterWnd.h">
      <Filter>Header Files</Filter>
    </ClInclude>
    <ClInclude Include="CMSKDialogWnd.h">
      <Filter>Header Files</Filter>
    </ClInclude>
    <ClInclude Include="CMSKRebar.h">
      <Filter>Header Files</Filter>
    </ClInclude>
    <ClInclude Include="CMSKTabCtrl.h">
      <Filter>Header Files</Filter>
    </ClInclude>
    <ClInclude Include="CMSKCmd.h">
      <Filter>Header Files</Filter>
    </ClInclude>
    <ClInclude Include="CMSKTreeView.h">
      <Filter>Header Files</Filter>
    </ClInclude>
    <ClInclude Include="CMSKPropertyBox.h">
      <Filter>Header Files</Filter>
    </ClInclude>
    <ClInclude Include="CMSKPropertyList.h">
      <Filter>Header Files</Filter>
    </ClInclude>
    <ClInclude Include="CMSKPropertyView.h">
      <Filter>Header Files</Filter>
    </ClInclude>
  </ItemGroup>
  <ItemGroup>
    <ClCompile Include="stdafx.cpp">
      <Filter>Source Files</Filter>
    </ClCompile>
    <ClCompile Include="GameEditor.cpp">
      <Filter>Source Files</Filter>
    </ClCompile>
    <ClCompile Include="CMSKWindow.cpp">
      <Filter>Source Files</Filter>
    </ClCompile>
    <ClCompile Include="glad.c">
      <Filter>Source Files</Filter>
    </ClCompile>
    <ClCompile Include="CMSKOGLWnd.cpp">
      <Filter>Source Files</Filter>
    </ClCompile>
    <ClCompile Include="CMSKStatusBar.cpp">
      <Filter>Source Files</Filter>
    </ClCompile>
    <ClCompile Include="CMSKToolBar.cpp">
      <Filter>Source Files</Filter>
    </ClCompile>
    <ClCompile Include="CMSKSplitterWnd.cpp">
      <Filter>Source Files</Filter>
    </ClCompile>
    <ClCompile Include="CMSKDialogWnd.cpp">
      <Filter>Source Files</Filter>
    </ClCompile>
    <ClCompile Include="CMSKRebar.cpp">
      <Filter>Source Files</Filter>
    </ClCompile>
    <ClCompile Include="CMSKTabCtrl.cpp">
      <Filter>Source Files</Filter>
    </ClCompile>
    <ClCompile Include="CMSKCmd.cpp">
      <Filter>Source Files</Filter>
    </ClCompile>
    <ClCompile Include="CMSKTreeView.cpp">
      <Filter>Source Files</Filter>
    </ClCompile>
    <ClCompile Include="CMSKPropertyBox.cpp">
      <Filter>Source Files</Filter>
    </ClCompile>
    <ClCompile Include="CMSKPropertyList.cpp">
      <Filter>Source Files</Filter>
    </ClCompile>
    <ClCompile Include="CMSKPropertyView.cpp">
      <Filter>Source Files</Filter>
    </ClCompile>
  </ItemGroup>
  <ItemGroup>
    <ResourceCompile Include="GameEditor.rc">
      <Filter>Resource Files</Filter>
    </ResourceCompile>
  </ItemGroup>
  <ItemGroup>
    <Image Include="small.ico">
      <Filter>Resource Files</Filter>
    </Image>
    <Image Include="GameEditor.ico">
      <Filter>Resource Files</Filter>
    </Image>
  </ItemGroup>
</Project>